
Microsoft Visual Studio Solution File, Format Version 12.00
# Visual Studio Version 17
VisualStudioVersion = 17.9.34714.143
MinimumVisualStudioVersion = 10.0.40219.1
Project("{FAE04EC0-301F-11D3-BF4B-00C04F79EFBC}") = "WMS Movil.Android", "WMS Movil.Android\WMS Movil.Android.csproj", "{2C2EB8B2-6F07-4925-A918-CD9C2C7C69FA}"
EndProject
Project("{FAE04EC0-301F-11D3-BF4B-00C04F79EFBC}") = "WMS Movil", "WMS Movil\WMS Movil.csproj", "{A974FD08-E4E0-41F0-AF81-F4E19E458489}"
EndProject
Global
	GlobalSection(SolutionConfigurationPlatforms) = preSolution
		Debug|Any CPU = Debug|Any CPU
		Release|Any CPU = Release|Any CPU
	EndGlobalSection
	GlobalSection(ProjectConfigurationPlatforms) = postSolution
		{2C2EB8B2-6F07-4925-A918-CD9C2C7C69FA}.Debug|Any CPU.ActiveCfg = Debug|Any CPU
		{2C2EB8B2-6F07-4925-A918-CD9C2C7C69FA}.Debug|Any CPU.Build.0 = Debug|Any CPU
		{2C2EB8B2-6F07-4925-A918-CD9C2C7C69FA}.Debug|Any CPU.Deploy.0 = Debug|Any CPU
		{2C2EB8B2-6F07-4925-A918-CD9C2C7C69FA}.Release|Any CPU.ActiveCfg = Release|Any CPU
		{2C2EB8B2-6F07-4925-A918-CD9C2C7C69FA}.Release|Any CPU.Build.0 = Release|Any CPU
		{2C2EB8B2-6F07-4925-A918-CD9C2C7C69FA}.Release|Any CPU.Deploy.0 = Release|Any CPU
		{A974FD08-E4E0-41F0-AF81-F4E19E458489}.Debug|Any CPU.ActiveCfg = Debug|Any CPU
		{A974FD08-E4E0-41F0-AF81-F4E19E458489}.Debug|Any CPU.Build.0 = Debug|Any CPU
		{A974FD08-E4E0-41F0-AF81-F4E19E458489}.Debug|Any CPU.Deploy.0 = Debug|Any CPU
		{A974FD08-E4E0-41F0-AF81-F4E19E458489}.Release|Any CPU.ActiveCfg = Release|Any CPU
		{A974FD08-E4E0-41F0-AF81-F4E19E458489}.Release|Any CPU.Build.0 = Release|Any CPU
		{A974FD08-E4E0-41F0-AF81-F4E19E458489}.Release|Any CPU.Deploy.0 = Release|Any CPU
	EndGlobalSection
	GlobalSection(SolutionProperties) = preSolution
		HideSolutionNode = FALSE
	EndGlobalSection
	GlobalSection(ExtensibilityGlobals) = postSolution
		SolutionGuid = {8999F698-EF31-433B-81CD-A82EE9101C2D}
	EndGlobalSection
EndGlobal
